
Microsoft Visual Studio Solution File, Format Version 12.00
# Visual Studio Version 17
VisualStudioVersion = 17.12.35521.163
MinimumVisualStudioVersion = 10.0.40219.1
Project("{FAE04EC0-301F-11D3-BF4B-00C04F79EFBC}") = "Eccomerce_WinForm", "Eccomerce_WinForm\Eccomerce_WinForm.csproj", "{98AD5587-ED4E-4DE3-B786-D02485257CF1}"
EndProject
Project("{FAE04EC0-301F-11D3-BF4B-00C04F79EFBC}") = "BLL", "BLL\BLL.csproj", "{00487772-4DB8-424D-8554-BB2529C5AD79}"
EndProject
Project("{FAE04EC0-301F-11D3-BF4B-00C04F79EFBC}") = "DAL", "DAL\DAL.csproj", "{9CF916B3-4D5F-4804-8396-389960BF6249}"
EndProject
Global
	GlobalSection(SolutionConfigurationPlatforms) = preSolution
		Debug|Any CPU = Debug|Any CPU
		Release|Any CPU = Release|Any CPU
	EndGlobalSection
	GlobalSection(ProjectConfigurationPlatforms) = postSolution
		{98AD5587-ED4E-4DE3-B786-D02485257CF1}.Debug|Any CPU.ActiveCfg = Debug|Any CPU
		{98AD5587-ED4E-4DE3-B786-D02485257CF1}.Debug|Any CPU.Build.0 = Debug|Any CPU
		{98AD5587-ED4E-4DE3-B786-D02485257CF1}.Release|Any CPU.ActiveCfg = Release|Any CPU
		{98AD5587-ED4E-4DE3-B786-D02485257CF1}.Release|Any CPU.Build.0 = Release|Any CPU
		{00487772-4DB8-424D-8554-BB2529C5AD79}.Debug|Any CPU.ActiveCfg = Debug|Any CPU
		{00487772-4DB8-424D-8554-BB2529C5AD79}.Debug|Any CPU.Build.0 = Debug|Any CPU
		{00487772-4DB8-424D-8554-BB2529C5AD79}.Release|Any CPU.ActiveCfg = Release|Any CPU
		{00487772-4DB8-424D-8554-BB2529C5AD79}.Release|Any CPU.Build.0 = Release|Any CPU
		{9CF916B3-4D5F-4804-8396-389960BF6249}.Debug|Any CPU.ActiveCfg = Debug|Any CPU
		{9CF916B3-4D5F-4804-8396-389960BF6249}.Debug|Any CPU.Build.0 = Debug|Any CPU
		{9CF916B3-4D5F-4804-8396-389960BF6249}.Release|Any CPU.ActiveCfg = Release|Any CPU
		{9CF916B3-4D5F-4804-8396-389960BF6249}.Release|Any CPU.Build.0 = Release|Any CPU
	EndGlobalSection
	GlobalSection(SolutionProperties) = preSolution
		HideSolutionNode = FALSE
	EndGlobalSection
EndGlobal
